// !$*UTF8*$!
{
	archiveVersion = 1;
	classes = {
	};
	objectVersion = 56;
	objects = {

/* Begin PBXBuildFile section */
		33420F5A2CC91ECC007981E3 /* CatApiApp.swift in Sources */ = {isa = PBXBuildFile; fileRef = 33420F592CC91ECC007981E3 /* CatApiApp.swift */; };
		33420F5C2CC91ECC007981E3 /* ContentView.swift in Sources */ = {isa = PBXBuildFile; fileRef = 33420F5B2CC91ECC007981E3 /* ContentView.swift */; };
		33420F5E2CC91ECF007981E3 /* Assets.xcassets in Resources */ = {isa = PBXBuildFile; fileRef = 33420F5D2CC91ECF007981E3 /* Assets.xcassets */; };
		33420F612CC91ECF007981E3 /* Preview Assets.xcassets in Resources */ = {isa = PBXBuildFile; fileRef = 33420F602CC91ECF007981E3 /* Preview Assets.xcassets */; };
		33420F6B2CC91ED0007981E3 /* CatApiTests.swift in Sources */ = {isa = PBXBuildFile; fileRef = 33420F6A2CC91ED0007981E3 /* CatApiTests.swift */; };
		33420F752CC91ED0007981E3 /* CatApiUITests.swift in Sources */ = {isa = PBXBuildFile; fileRef = 33420F742CC91ED0007981E3 /* CatApiUITests.swift */; };
		33420F772CC91ED0007981E3 /* CatApiUITestsLaunchTests.swift in Sources */ = {isa = PBXBuildFile; fileRef = 33420F762CC91ED0007981E3 /* CatApiUITestsLaunchTests.swift */; };
/* End PBXBuildFile section */

/* Begin PBXContainerItemProxy section */
		33420F672CC91ED0007981E3 /* PBXContainerItemProxy */ = {
			isa = PBXContainerItemProxy;
			containerPortal = 33420F4E2CC91ECC007981E3 /* Project object */;
			proxyType = 1;
			remoteGlobalIDString = 33420F552CC91ECC007981E3;
			remoteInfo = CatApi;
		};
		33420F712CC91ED0007981E3 /* PBXContainerItemProxy */ = {
			isa = PBXContainerItemProxy;
			containerPortal = 33420F4E2CC91ECC007981E3 /* Project object */;
			proxyType = 1;
			remoteGlobalIDString = 33420F552CC91ECC007981E3;
			remoteInfo = CatApi;
		};
/* End PBXContainerItemProxy section */

/* Begin PBXFileReference section */
		33420F562CC91ECC007981E3 /* CatApi.app */ = {isa = PBXFileReference; explicitFileType = wrapper.application; includeInIndex = 0; path = CatApi.app; sourceTree = BUILT_PRODUCTS_DIR; };
		33420F592CC91ECC007981E3 /* CatApiApp.swift */ = {isa = PBXFileReference; lastKnownFileType = sourcecode.swift; path = CatApiApp.swift; sourceTree = "<group>"; };
		33420F5B2CC91ECC007981E3 /* ContentView.swift */ = {isa = PBXFileReference; lastKnownFileType = sourcecode.swift; path = ContentView.swift; sourceTree = "<group>"; };
		33420F5D2CC91ECF007981E3 /* Assets.xcassets */ = {isa = PBXFileReference; lastKnownFileType = folder.assetcatalog; path = Assets.xcassets; sourceTree = "<group>"; };
		33420F602CC91ECF007981E3 /* Preview Assets.xcassets */ = {isa = PBXFileReference; lastKnownFileType = folder.assetcatalog; path = "Preview Assets.xcassets"; sourceTree = "<group>"; };
		33420F662CC91ED0007981E3 /* CatApiTests.xctest */ = {isa = PBXFileReference; explicitFileType = wrapper.cfbundle; includeInIndex = 0; path = CatApiTests.xctest; sourceTree = BUILT_PRODUCTS_DIR; };
		33420F6A2CC91ED0007981E3 /* CatApiTests.swift */ = {isa = PBXFileReference; lastKnownFileType = sourcecode.swift; path = CatApiTests.swift; sourceTree = "<group>"; };
		33420F702CC91ED0007981E3 /* CatApiUITests.xctest */ = {isa = PBXFileReference; explicitFileType = wrapper.cfbundle; includeInIndex = 0; path = CatApiUITests.xctest; sourceTree = BUILT_PRODUCTS_DIR; };
		33420F742CC91ED0007981E3 /* CatApiUITests.swift */ = {isa = PBXFileReference; lastKnownFileType = sourcecode.swift; path = CatApiUITests.swift; sourceTree = "<group>"; };
		33420F762CC91ED0007981E3 /* CatApiUITestsLaunchTests.swift */ = {isa = PBXFileReference; lastKnownFileType = sourcecode.swift; path = CatApiUITestsLaunchTests.swift; sourceTree = "<group>"; };
/* End PBXFileReference section */

/* Begin PBXFrameworksBuildPhase section */
		33420F532CC91ECC007981E3 /* Frameworks */ = {
			isa = PBXFrameworksBuildPhase;
			buildActionMask = 2147483647;
			files = (
			);
			runOnlyForDeploymentPostprocessing = 0;
		};
		33420F632CC91ED0007981E3 /* Frameworks */ = {
			isa = PBXFrameworksBuildPhase;
			buildActionMask = 2147483647;
			files = (
			);
			runOnlyForDeploymentPostprocessing = 0;
		};
		33420F6D2CC91ED0007981E3 /* Frameworks */ = {
			isa = PBXFrameworksBuildPhase;
			buildActionMask = 2147483647;
			files = (
			);
			runOnlyForDeploymentPostprocessing = 0;
		};
/* End PBXFrameworksBuildPhase section */

/* Begin PBXGroup section */
		33420F4D2CC91ECC007981E3 = {
			isa = PBXGroup;
			children = (
				33420F582CC91ECC007981E3 /* CatApi */,
				33420F692CC91ED0007981E3 /* CatApiTests */,
				33420F732CC91ED0007981E3 /* CatApiUITests */,
				33420F572CC91ECC007981E3 /* Products */,
			);
			sourceTree = "<group>";
		};
		33420F572CC91ECC007981E3 /* Products */ = {
			isa = PBXGroup;
			children = (
				33420F562CC91ECC007981E3 /* CatApi.app */,
				33420F662CC91ED0007981E3 /* CatApiTests.xctest */,
				33420F702CC91ED0007981E3 /* CatApiUITests.xctest */,
			);
			name = Products;
			sourceTree = "<group>";
		};
		33420F582CC91ECC007981E3 /* CatApi */ = {
			isa = PBXGroup;
			children = (
				33420F592CC91ECC007981E3 /* CatApiApp.swift */,
				33420F5B2CC91ECC007981E3 /* ContentView.swift */,
				33420F5D2CC91ECF007981E3 /* Assets.xcassets */,
				33420F5F2CC91ECF007981E3 /* Preview Content */,
			);
			path = CatApi;
			sourceTree = "<group>";
		};
		33420F5F2CC91ECF007981E3 /* Preview Content */ = {
			isa = PBXGroup;
			children = (
				33420F602CC91ECF007981E3 /* Preview Assets.xcassets */,
			);
			path = "Preview Content";
			sourceTree = "<group>";
		};
		33420F692CC91ED0007981E3 /* CatApiTests */ = {
			isa = PBXGroup;
			children = (
				33420F6A2CC91ED0007981E3 /* CatApiTests.swift */,
			);
			path = CatApiTests;
			sourceTree = "<group>";
		};
		33420F732CC91ED0007981E3 /* CatApiUITests */ = {
			isa = PBXGroup;
			children = (
				33420F742CC91ED0007981E3 /* CatApiUITests.swift */,
				33420F762CC91ED0007981E3 /* CatApiUITestsLaunchTests.swift */,
			);
			path = CatApiUITests;
			sourceTree = "<group>";
		};
/* End PBXGroup section */

/* Begin PBXNativeTarget section */
		33420F552CC91ECC007981E3 /* CatApi */ = {
			isa = PBXNativeTarget;
			buildConfigurationList = 33420F7A2CC91ED0007981E3 /* Build configuration list for PBXNativeTarget "CatApi" */;
			buildPhases = (
				33420F522CC91ECC007981E3 /* Sources */,
				33420F532CC91ECC007981E3 /* Frameworks */,
				33420F542CC91ECC007981E3 /* Resources */,
			);
			buildRules = (
			);
			dependencies = (
			);
			name = CatApi;
			productName = CatApi;
			productReference = 33420F562CC91ECC007981E3 /* CatApi.app */;
			productType = "com.apple.product-type.application";
		};
		33420F652CC91ED0007981E3 /* CatApiTests */ = {
			isa = PBXNativeTarget;
			buildConfigurationList = 33420F7D2CC91ED0007981E3 /* Build configuration list for PBXNativeTarget "CatApiTests" */;
			buildPhases = (
				33420F622CC91ED0007981E3 /* Sources */,
				33420F632CC91ED0007981E3 /* Frameworks */,
				33420F642CC91ED0007981E3 /* Resources */,
			);
			buildRules = (
			);
			dependencies = (
				33420F682CC91ED0007981E3 /* PBXTargetDependency */,
			);
			name = CatApiTests;
			productName = CatApiTests;
			productReference = 33420F662CC91ED0007981E3 /* CatApiTests.xctest */;
			productType = "com.apple.product-type.bundle.unit-test";
		};
		33420F6F2CC91ED0007981E3 /* CatApiUITests */ = {
			isa = PBXNativeTarget;
			buildConfigurationList = 33420F802CC91ED0007981E3 /* Build configuration list for PBXNativeTarget "CatApiUITests" */;
			buildPhases = (
				33420F6C2CC91ED0007981E3 /* Sources */,
				33420F6D2CC91ED0007981E3 /* Frameworks */,
				33420F6E2CC91ED0007981E3 /* Resources */,
			);
			buildRules = (
			);
			dependencies = (
				33420F722CC91ED0007981E3 /* PBXTargetDependency */,
			);
			name = CatApiUITests;
			productName = CatApiUITests;
			productReference = 33420F702CC91ED0007981E3 /* CatApiUITests.xctest */;
			productType = "com.apple.product-type.bundle.ui-testing";
		};
/* End PBXNativeTarget section */

/* Begin PBXProject section */
		33420F4E2CC91ECC007981E3 /* Project object */ = {
			isa = PBXProject;
			attributes = {
				BuildIndependentTargetsInParallel = 1;
				LastSwiftUpdateCheck = 1520;
				LastUpgradeCheck = 1520;
				TargetAttributes = {
					33420F552CC91ECC007981E3 = {
						CreatedOnToolsVersion = 15.2;
					};
					33420F652CC91ED0007981E3 = {
						CreatedOnToolsVersion = 15.2;
						TestTargetID = 33420F552CC91ECC007981E3;
					};
					33420F6F2CC91ED0007981E3 = {
						CreatedOnToolsVersion = 15.2;
						TestTargetID = 33420F552CC91ECC007981E3;
					};
				};
			};
			buildConfigurationList = 33420F512CC91ECC007981E3 /* Build configuration list for PBXProject "CatApi" */;
			compatibilityVersion = "Xcode 14.0";
			developmentRegion = en;
			hasScannedForEncodings = 0;
			knownRegions = (
				en,
				Base,
			);
			mainGroup = 33420F4D2CC91ECC007981E3;
			productRefGroup = 33420F572CC91ECC007981E3 /* Products */;
			projectDirPath = "";
			projectRoot = "";
			targets = (
				33420F552CC91ECC007981E3 /* CatApi */,
				33420F652CC91ED0007981E3 /* CatApiTests */,
				33420F6F2CC91ED0007981E3 /* CatApiUITests */,
			);
		};
/* End PBXProject section */

/* Begin PBXResourcesBuildPhase section */
		33420F542CC91ECC007981E3 /* Resources */ = {
			isa = PBXResourcesBuildPhase;
			buildActionMask = 2147483647;
			files = (
				33420F612CC91ECF007981E3 /* Preview Assets.xcassets in Resources */,
				33420F5E2CC91ECF007981E3 /* Assets.xcassets in Resources */,
			);
			runOnlyForDeploymentPostprocessing = 0;
		};
		33420F642CC91ED0007981E3 /* Resources */ = {
			isa = PBXResourcesBuildPhase;
			buildActionMask = 2147483647;
			files = (
			);
			runOnlyForDeploymentPostprocessing = 0;
		};
		33420F6E2CC91ED0007981E3 /* Resources */ = {
			isa = PBXResourcesBuildPhase;
			buildActionMask = 2147483647;
			files = (
			);
			runOnlyForDeploymentPostprocessing = 0;
		};
/* End PBXResourcesBuildPhase section */

/* Begin PBXSourcesBuildPhase section */
		33420F522CC91ECC007981E3 /* Sources */ = {
			isa = PBXSourcesBuildPhase;
			buildActionMask = 2147483647;
			files = (
				33420F5C2CC91ECC007981E3 /* ContentView.swift in Sources */,
				33420F5A2CC91ECC007981E3 /* CatApiApp.swift in Sources */,
			);
			runOnlyForDeploymentPostprocessing = 0;
		};
		33420F622CC91ED0007981E3 /* Sources */ = {
			isa = PBXSourcesBuildPhase;
			buildActionMask = 2147483647;
			files = (
				33420F6B2CC91ED0007981E3 /* CatApiTests.swift in Sources */,
			);
			runOnlyForDeploymentPostprocessing = 0;
		};
		33420F6C2CC91ED0007981E3 /* Sources */ = {
			isa = PBXSourcesBuildPhase;
			buildActionMask = 2147483647;
			files = (
				33420F772CC91ED0007981E3 /* CatApiUITestsLaunchTests.swift in Sources */,
				33420F752CC91ED0007981E3 /* CatApiUITests.swift in Sources */,
			);
			runOnlyForDeploymentPostprocessing = 0;
		};
/* End PBXSourcesBuildPhase section */

/* Begin PBXTargetDependency section */
		33420F682CC91ED0007981E3 /* PBXTargetDependency */ = {
			isa = PBXTargetDependency;
			target = 33420F552CC91ECC007981E3 /* CatApi */;
			targetProxy = 33420F672CC91ED0007981E3 /* PBXContainerItemProxy */;
		};
		33420F722CC91ED0007981E3 /* PBXTargetDependency */ = {
			isa = PBXTargetDependency;
			target = 33420F552CC91ECC007981E3 /* CatApi */;
			targetProxy = 33420F712CC91ED0007981E3 /* PBXContainerItemProxy */;
		};
/* End PBXTargetDependency section */

/* Begin XCBuildConfiguration section */
		33420F782CC91ED0007981E3 /* Debug */ = {
			isa = XCBuildConfiguration;
			buildSettings = {
				ALWAYS_SEARCH_USER_PATHS = NO;
				ASSETCATALOG_COMPILER_GENERATE_SWIFT_ASSET_SYMBOL_EXTENSIONS = YES;
				CLANG_ANALYZER_NONNULL = YES;
				CLANG_ANALYZER_NUMBER_OBJECT_CONVERSION = YES_AGGRESSIVE;
				CLANG_CXX_LANGUAGE_STANDARD = "gnu++20";
				CLANG_ENABLE_MODULES = YES;
				CLANG_ENABLE_OBJC_ARC = YES;
				CLANG_ENABLE_OBJC_WEAK = YES;
				CLANG_WARN_BLOCK_CAPTURE_AUTORELEASING = YES;
				CLANG_WARN_BOOL_CONVERSION = YES;
				CLANG_WARN_COMMA = YES;
				CLANG_WARN_CONSTANT_CONVERSION = YES;
				CLANG_WARN_DEPRECATED_OBJC_IMPLEMENTATIONS = YES;
				CLANG_WARN_DIRECT_OBJC_ISA_USAGE = YES_ERROR;
				CLANG_WARN_DOCUMENTATION_COMMENTS = YES;
				CLANG_WARN_EMPTY_BODY = YES;
				CLANG_WARN_ENUM_CONVERSION = YES;
				CLANG_WARN_INFINITE_RECURSION = YES;
				CLANG_WARN_INT_CONVERSION = YES;
				CLANG_WARN_NON_LITERAL_NULL_CONVERSION = YES;
				CLANG_WARN_OBJC_IMPLICIT_RETAIN_SELF = YES;
				CLANG_WARN_OBJC_LITERAL_CONVERSION = YES;
				CLANG_WARN_OBJC_ROOT_CLASS = YES_ERROR;
				CLANG_WARN_QUOTED_INCLUDE_IN_FRAMEWORK_HEADER = YES;
				CLANG_WARN_RANGE_LOOP_ANALYSIS = YES;
				CLANG_WARN_STRICT_PROTOTYPES = YES;
				CLANG_WARN_SUSPICIOUS_MOVE = YES;
				CLANG_WARN_UNGUARDED_AVAILABILITY = YES_AGGRESSIVE;
				CLANG_WARN_UNREACHABLE_CODE = YES;
				CLANG_WARN__DUPLICATE_METHOD_MATCH = YES;
				COPY_PHASE_STRIP = NO;
				DEBUG_INFORMATION_FORMAT = dwarf;
				ENABLE_STRICT_OBJC_MSGSEND = YES;
				ENABLE_TESTABILITY = YES;
				ENABLE_USER_SCRIPT_SANDBOXING = YES;
				GCC_C_LANGUAGE_STANDARD = gnu17;
				GCC_DYNAMIC_NO_PIC = NO;
				GCC_NO_COMMON_BLOCKS = YES;
				GCC_OPTIMIZATION_LEVEL = 0;
				GCC_PREPROCESSOR_DEFINITIONS = (
					"DEBUG=1",
					"$(inherited)",
				);
				GCC_WARN_64_TO_32_BIT_CONVERSION = YES;
				GCC_WARN_ABOUT_RETURN_TYPE = YES_ERROR;
				GCC_WARN_UNDECLARED_SELECTOR = YES;
				GCC_WARN_UNINITIALIZED_AUTOS = YES_AGGRESSIVE;
				GCC_WARN_UNUSED_FUNCTION = YES;
				GCC_WARN_UNUSED_VARIABLE = YES;
				IPHONEOS_DEPLOYMENT_TARGET = 17.2;
				LOCALIZATION_PREFERS_STRING_CATALOGS = YES;
				MTL_ENABLE_DEBUG_INFO = INCLUDE_SOURCE;
				MTL_FAST_MATH = YES;
				ONLY_ACTIVE_ARCH = YES;
				SDKROOT = iphoneos;
				SWIFT_ACTIVE_COMPILATION_CONDITIONS = "DEBUG $(inherited)";
				SWIFT_OPTIMIZATION_LEVEL = "-Onone";
			};
			name = Debug;
		};
		33420F792CC91ED0007981E3 /* Release */ = {
			isa = XCBuildConfiguration;
			buildSettings = {
				ALWAYS_SEARCH_USER_PATHS = NO;
				ASSETCATALOG_COMPILER_GENERATE_SWIFT_ASSET_SYMBOL_EXTENSIONS = YES;
				CLANG_ANALYZER_NONNULL = YES;
				CLANG_ANALYZER_NUMBER_OBJECT_CONVERSION = YES_AGGRESSIVE;
				CLANG_CXX_LANGUAGE_STANDARD = "gnu++20";
				CLANG_ENABLE_MODULES = YES;
				CLANG_ENABLE_OBJC_ARC = YES;
				CLANG_ENABLE_OBJC_WEAK = YES;
				CLANG_WARN_BLOCK_CAPTURE_AUTORELEASING = YES;
				CLANG_WARN_BOOL_CONVERSION = YES;
				CLANG_WARN_COMMA = YES;
				CLANG_WARN_CONSTANT_CONVERSION = YES;
				CLANG_WARN_DEPRECATED_OBJC_IMPLEMENTATIONS = YES;
				CLANG_WARN_DIRECT_OBJC_ISA_USAGE = YES_ERROR;
				CLANG_WARN_DOCUMENTATION_COMMENTS = YES;
				CLANG_WARN_EMPTY_BODY = YES;
				CLANG_WARN_ENUM_CONVERSION = YES;
				CLANG_WARN_INFINITE_RECURSION = YES;
				CLANG_WARN_INT_CONVERSION = YES;
				CLANG_WARN_NON_LITERAL_NULL_CONVERSION = YES;
				CLANG_WARN_OBJC_IMPLICIT_RETAIN_SELF = YES;
				CLANG_WARN_OBJC_LITERAL_CONVERSION = YES;
				CLANG_WARN_OBJC_ROOT_CLASS = YES_ERROR;
				CLANG_WARN_QUOTED_INCLUDE_IN_FRAMEWORK_HEADER = YES;
				CLANG_WARN_RANGE_LOOP_ANALYSIS = YES;
				CLANG_WARN_STRICT_PROTOTYPES = YES;
				CLANG_WARN_SUSPICIOUS_MOVE = YES;
				CLANG_WARN_UNGUARDED_AVAILABILITY = YES_AGGRESSIVE;
				CLANG_WARN_UNREACHABLE_CODE = YES;
				CLANG_WARN__DUPLICATE_METHOD_MATCH = YES;
				COPY_PHASE_STRIP = NO;
				DEBUG_INFORMATION_FORMAT = "dwarf-with-dsym";
				ENABLE_NS_ASSERTIONS = NO;
				ENABLE_STRICT_OBJC_MSGSEND = YES;
				ENABLE_USER_SCRIPT_SANDBOXING = YES;
				GCC_C_LANGUAGE_STANDARD = gnu17;
				GCC_NO_COMMON_BLOCKS = YES;
				GCC_WARN_64_TO_32_BIT_CONVERSION = YES;
				GCC_WARN_ABOUT_RETURN_TYPE = YES_ERROR;
				GCC_WARN_UNDECLARED_SELECTOR = YES;
				GCC_WARN_UNINITIALIZED_AUTOS = YES_AGGRESSIVE;
				GCC_WARN_UNUSED_FUNCTION = YES;
				GCC_WARN_UNUSED_VARIABLE = YES;
				IPHONEOS_DEPLOYMENT_TARGET = 17.2;
				LOCALIZATION_PREFERS_STRING_CATALOGS = YES;
				MTL_ENABLE_DEBUG_INFO = NO;
				MTL_FAST_MATH = YES;
				SDKROOT = iphoneos;
				SWIFT_COMPILATION_MODE = wholemodule;
				VALIDATE_PRODUCT = YES;
			};
			name = Release;
		};
		33420F7B2CC91ED0007981E3 /* Debug */ = {
			isa = XCBuildConfiguration;
			buildSettings = {
				ASSETCATALOG_COMPILER_APPICON_NAME = AppIcon;
				ASSETCATALOG_COMPILER_GLOBAL_ACCENT_COLOR_NAME = AccentColor;
				CODE_SIGN_STYLE = Automatic;
				CURRENT_PROJECT_VERSION = 1;
				DEVELOPMENT_ASSET_PATHS = "\"CatApi/Preview Content\"";
				DEVELOPMENT_TEAM = NCBWSMPJD9;
				ENABLE_PREVIEWS = YES;
				GENERATE_INFOPLIST_FILE = YES;
				INFOPLIST_KEY_UIApplicationSceneManifest_Generation = YES;
				INFOPLIST_KEY_UIApplicationSupportsIndirectInputEvents = YES;
				INFOPLIST_KEY_UILaunchScreen_Generation = YES;
				INFOPLIST_KEY_UISupportedInterfaceOrientations_iPad = "UIInterfaceOrientationPortrait UIInterfaceOrientationPortraitUpsideDown UIInterfaceOrientationLandscapeLeft UIInterfaceOrientationLandscapeRight";
				INFOPLIST_KEY_UISupportedInterfaceOrientations_iPhone = "UIInterfaceOrientationPortrait UIInterfaceOrientationLandscapeLeft UIInterfaceOrientationLandscapeRight";
				LD_RUNPATH_SEARCH_PATHS = (
					"$(inherited)",
					"@executable_path/Frameworks",
				);
				MARKETING_VERSION = 1.0;
				PRODUCT_BUNDLE_IDENTIFIER = com.iit.ac.lk.CatApi;
				PRODUCT_NAME = "$(TARGET_NAME)";
				SWIFT_EMIT_LOC_STRINGS = YES;
				SWIFT_VERSION = 5.0;
				TARGETED_DEVICE_FAMILY = "1,2";
			};
			name = Debug;
		};
		33420F7C2CC91ED0007981E3 /* Release */ = {
			isa = XCBuildConfiguration;
			buildSettings = {
				ASSETCATALOG_COMPILER_APPICON_NAME = AppIcon;
				ASSETCATALOG_COMPILER_GLOBAL_ACCENT_COLOR_NAME = AccentColor;
				CODE_SIGN_STYLE = Automatic;
				CURRENT_PROJECT_VERSION = 1;
				DEVELOPMENT_ASSET_PATHS = "\"CatApi/Preview Content\"";
				DEVELOPMENT_TEAM = NCBWSMPJD9;
				ENABLE_PREVIEWS = YES;
				GENERATE_INFOPLIST_FILE = YES;
				INFOPLIST_KEY_UIApplicationSceneManifest_Generation = YES;
				INFOPLIST_KEY_UIApplicationSupportsIndirectInputEvents = YES;
				INFOPLIST_KEY_UILaunchScreen_Generation = YES;
				INFOPLIST_KEY_UISupportedInterfaceOrientations_iPad = "UIInterfaceOrientationPortrait UIInterfaceOrientationPortraitUpsideDown UIInterfaceOrientationLandscapeLeft UIInterfaceOrientationLandscapeRight";
				INFOPLIST_KEY_UISupportedInterfaceOrientations_iPhone = "UIInterfaceOrientationPortrait UIInterfaceOrientationLandscapeLeft UIInterfaceOrientationLandscapeRight";
				LD_RUNPATH_SEARCH_PATHS = (
					"$(inherited)",
					"@executable_path/Frameworks",
				);
				MARKETING_VERSION = 1.0;
				PRODUCT_BUNDLE_IDENTIFIER = com.iit.ac.lk.CatApi;
				PRODUCT_NAME = "$(TARGET_NAME)";
				SWIFT_EMIT_LOC_STRINGS = YES;
				SWIFT_VERSION = 5.0;
				TARGETED_DEVICE_FAMILY = "1,2";
			};
			name = Release;
		};
		33420F7E2CC91ED0007981E3 /* Debug */ = {
			isa = XCBuildConfiguration;
			buildSettings = {
				ALWAYS_EMBED_SWIFT_STANDARD_LIBRARIES = YES;
				BUNDLE_LOADER = "$(TEST_HOST)";
				CODE_SIGN_STYLE = Automatic;
				CURRENT_PROJECT_VERSION = 1;
				DEVELOPMENT_TEAM = NCBWSMPJD9;
				GENERATE_INFOPLIST_FILE = YES;
				IPHONEOS_DEPLOYMENT_TARGET = 17.2;
				MARKETING_VERSION = 1.0;
				PRODUCT_BUNDLE_IDENTIFIER = com.iit.ac.lk.CatApiTests;
				PRODUCT_NAME = "$(TARGET_NAME)";
				SWIFT_EMIT_LOC_STRINGS = NO;
				SWIFT_VERSION = 5.0;
				TARGETED_DEVICE_FAMILY = "1,2";
				TEST_HOST = "$(BUILT_PRODUCTS_DIR)/CatApi.app/$(BUNDLE_EXECUTABLE_FOLDER_PATH)/CatApi";
			};
			name = Debug;
		};
		33420F7F2CC91ED0007981E3 /* Release */ = {
			isa = XCBuildConfiguration;
			buildSettings = {
				ALWAYS_EMBED_SWIFT_STANDARD_LIBRARIES = YES;
				BUNDLE_LOADER = "$(TEST_HOST)";
				CODE_SIGN_STYLE = Automatic;
				CURRENT_PROJECT_VERSION = 1;
				DEVELOPMENT_TEAM = NCBWSMPJD9;
				GENERATE_INFOPLIST_FILE = YES;
				IPHONEOS_DEPLOYMENT_TARGET = 17.2;
				MARKETING_VERSION = 1.0;
				PRODUCT_BUNDLE_IDENTIFIER = com.iit.ac.lk.CatApiTests;
				PRODUCT_NAME = "$(TARGET_NAME)";
				SWIFT_EMIT_LOC_STRINGS = NO;
				SWIFT_VERSION = 5.0;
				TARGETED_DEVICE_FAMILY = "1,2";
				TEST_HOST = "$(BUILT_PRODUCTS_DIR)/CatApi.app/$(BUNDLE_EXECUTABLE_FOLDER_PATH)/CatApi";
			};
			name = Release;
		};
		33420F812CC91ED0007981E3 /* Debug */ = {
			isa = XCBuildConfiguration;
			buildSettings = {
				ALWAYS_EMBED_SWIFT_STANDARD_LIBRARIES = YES;
				CODE_SIGN_STYLE = Automatic;
				CURRENT_PROJECT_VERSION = 1;
				DEVELOPMENT_TEAM = NCBWSMPJD9;
				GENERATE_INFOPLIST_FILE = YES;
				MARKETING_VERSION = 1.0;
				PRODUCT_BUNDLE_IDENTIFIER = com.iit.ac.lk.CatApiUITests;
				PRODUCT_NAME = "$(TARGET_NAME)";
				SWIFT_EMIT_LOC_STRINGS = NO;
				SWIFT_VERSION = 5.0;
				TARGETED_DEVICE_FAMILY = "1,2";
				TEST_TARGET_NAME = CatApi;
			};
			name = Debug;
		};
		33420F822CC91ED0007981E3 /* Release */ = {
			isa = XCBuildConfiguration;
			buildSettings = {
				ALWAYS_EMBED_SWIFT_STANDARD_LIBRARIES = YES;
				CODE_SIGN_STYLE = Automatic;
				CURRENT_PROJECT_VERSION = 1;
				DEVELOPMENT_TEAM = NCBWSMPJD9;
				GENERATE_INFOPLIST_FILE = YES;
				MARKETING_VERSION = 1.0;
				PRODUCT_BUNDLE_IDENTIFIER = com.iit.ac.lk.CatApiUITests;
				PRODUCT_NAME = "$(TARGET_NAME)";
				SWIFT_EMIT_LOC_STRINGS = NO;
				SWIFT_VERSION = 5.0;
				TARGETED_DEVICE_FAMILY = "1,2";
				TEST_TARGET_NAME = CatApi;
			};
			name = Release;
		};
/* End XCBuildConfiguration section */

/* Begin XCConfigurationList section */
		33420F512CC91ECC007981E3 /* Build configuration list for PBXProject "CatApi" */ = {
			isa = XCConfigurationList;
			buildConfigurations = (
				33420F782CC91ED0007981E3 /* Debug */,
				33420F792CC91ED0007981E3 /* Release */,
			);
			defaultConfigurationIsVisible = 0;
			defaultConfigurationName = Release;
		};
		33420F7A2CC91ED0007981E3 /* Build configuration list for PBXNativeTarget "CatApi" */ = {
			isa = XCConfigurationList;
			buildConfigurations = (
				33420F7B2CC91ED0007981E3 /* Debug */,
				33420F7C2CC91ED0007981E3 /* Release */,
			);
			defaultConfigurationIsVisible = 0;
			defaultConfigurationName = Release;
		};
		33420F7D2CC91ED0007981E3 /* Build configuration list for PBXNativeTarget "CatApiTests" */ = {
			isa = XCConfigurationList;
			buildConfigurations = (
				33420F7E2CC91ED0007981E3 /* Debug */,
				33420F7F2CC91ED0007981E3 /* Release */,
			);
			defaultConfigurationIsVisible = 0;
			defaultConfigurationName = Release;
		};
		33420F802CC91ED0007981E3 /* Build configuration list for PBXNativeTarget "CatApiUITests" */ = {
			isa = XCConfigurationList;
			buildConfigurations = (
				33420F812CC91ED0007981E3 /* Debug */,
				33420F822CC91ED0007981E3 /* Release */,
			);
			defaultConfigurationIsVisible = 0;
			defaultConfigurationName = Release;
		};
/* End XCConfigurationList section */
	};
	rootObject = 33420F4E2CC91ECC007981E3 /* Project object */;
}
